schema: '2.0'
stages:
  build_kg_smoke:
    cmd: .venv/bin/python -m mlops.pipelines.build_smoke_kg --profile smoke
    deps:
    - path: mlops/pipelines/build_smoke_kg.py
      hash: md5
      md5: 89d4762781c2d3217e6d6500bc325c76
      size: 2576
    - path: mlops/pipelines/profiles.py
      hash: md5
      md5: 4bdf530e3ab684a9bacb552d9cc73ab9
      size: 1441
    - path: params.yaml
      hash: md5
      md5: 8f08a67af1095fb146957a82e998ea35
      size: 2240
    outs:
    - path: artifacts/smoke/kg/entity_names.json
      hash: md5
      md5: 8a2fb8ccf832bba8888b634a581633d6
      size: 73
    - path: artifacts/smoke/kg/hedge_ids.json
      hash: md5
      md5: 1364b0e522344b20d6de3903c5c8acf1
      size: 53
    - path: artifacts/smoke/kg/manifest.json
      hash: md5
      md5: 027c25a2a3c94e9c5a487528231998bb
      size: 169
    - path: artifacts/smoke/kg/medical_hg.json
      hash: md5
      md5: d02d0bbd92ef8bc3f629dfdb794b7082
      size: 1038
    - path: artifacts/smoke/kg/retrieval_fixture.json
      hash: md5
      md5: 129280f63c5ae4ddcd2cda7f79eb867c
      size: 226
  eval_smoke:
    cmd: .venv/bin/python -m mlops.pipelines.eval_smoke --profile smoke
    deps:
    - path: artifacts/smoke/kg/retrieval_fixture.json
      hash: md5
      md5: 129280f63c5ae4ddcd2cda7f79eb867c
      size: 226
    - path: mlops/pipelines/eval_smoke.py
      hash: md5
      md5: 0798de63207b85690b782010d3a3198a
      size: 3106
    - path: mlops/pipelines/profiles.py
      hash: md5
      md5: 4bdf530e3ab684a9bacb552d9cc73ab9
      size: 1441
    - path: mlops/smoke_data/medical_mcq.jsonl
      hash: md5
      md5: 4efa6bd0a45bac1ebb6659ae82276c88
      size: 439
    - path: params.yaml
      hash: md5
      md5: 8f08a67af1095fb146957a82e998ea35
      size: 2240
    outs:
    - path: artifacts/smoke/eval_metrics.json
      hash: md5
      md5: 5b667a9cc9b0053740b6d10c93fb982b
      size: 199
    - path: artifacts/smoke/eval_predictions.jsonl
      hash: md5
      md5: 187065ecca824dc5b8aed9960c0f9371
      size: 601
  register_smoke_model:
    cmd: .venv/bin/python -m mlops.mlflow_register --profile smoke --dry-run
    deps:
    - path: artifacts/smoke/eval_metrics.json
      hash: md5
      md5: 5b667a9cc9b0053740b6d10c93fb982b
      size: 199
    - path: artifacts/smoke/eval_predictions.jsonl
      hash: md5
      md5: 187065ecca824dc5b8aed9960c0f9371
      size: 601
    - path: mlops/mlflow_register.py
      hash: md5
      md5: e1991e0ceaa82917b8cc9b3c9d4d67c1
      size: 2232
    - path: params.yaml
      hash: md5
      md5: 8f08a67af1095fb146957a82e998ea35
      size: 2240
    outs:
    - path: artifacts/smoke/mlflow_register_dry_run.json
      hash: md5
      md5: d5e6dc53e961cc2be134ccbf9c04f47a
      size: 496
